
Microsoft Visual Studio Solution File, Format Version 12.00
# Visual Studio Version 16
VisualStudioVersion = 16.0.29418.71
MinimumVisualStudioVersion = 10.0.40219.1
Project("{2150E333-8FDC-42A3-9474-1A3956D46DE8}") = "src", "src", "{BDC7E075-0874-4CA0-94DB-C62BA432B938}"
EndProject
Project("{9A19103F-16F7-4668-BE54-9A1E7A4F7556}") = "Liquidity2.Extensions.EventBus.Abstractions", "src\Liquidity2.Extensions.EventBus.Abstractions\Liquidity2.Extensions.EventBus.Abstractions.csproj", "{A989B499-F10E-4AAB-A703-AA4E2860C4A7}"
EndProject
Project("{9A19103F-16F7-4668-BE54-9A1E7A4F7556}") = "Liquidity2.Extensions.EventBus.MemoryProvider", "src\Liquidity2.Extensions.EventBus.MemoryProvider\Liquidity2.Extensions.EventBus.MemoryProvider.csproj", "{752218DD-181D-44F5-86DE-6F614650CB96}"
EndProject
Project("{9A19103F-16F7-4668-BE54-9A1E7A4F7556}") = "Liquidity2.Extensions.Lifecycle.Abstractions", "src\Liquidity2.Extensions.Lifecycle.Abstractions\Liquidity2.Extensions.Lifecycle.Abstractions.csproj", "{FF81CD35-F530-47C5-8F2D-5BD6BC39DF23}"
EndProject
Project("{9A19103F-16F7-4668-BE54-9A1E7A4F7556}") = "Liquidity2.Extensions.Lifecycle", "src\Liquidity2.Extensions.Lifecycle\Liquidity2.Extensions.Lifecycle.csproj", "{DCDDB3FC-B1D7-484D-B8B4-81127E0814E3}"
EndProject
Project("{2150E333-8FDC-42A3-9474-1A3956D46DE8}") = "test", "test", "{CFDD803D-0392-4AB7-A02C-44D745848976}"
EndProject
Project("{9A19103F-16F7-4668-BE54-9A1E7A4F7556}") = "Liquidity2.Utilities", "src\Liquidity2.Utilities\Liquidity2.Utilities.csproj", "{E169868A-4E94-404D-BE19-46E79DCEB840}"
EndProject
Project("{9A19103F-16F7-4668-BE54-9A1E7A4F7556}") = "Liquidity2.Extensions.EventBus.MemoryProvider.Test", "test\Liquidity2.Extensions.EventBus.MemoryProvider.Test\Liquidity2.Extensions.EventBus.MemoryProvider.Test.csproj", "{15E0DA0E-7D87-43F7-8FD8-CFFECB510297}"
EndProject
Project("{9A19103F-16F7-4668-BE54-9A1E7A4F7556}") = "Liquidity2.Extensions.DependencyInjection", "src\Liquidity2.Extensions.DependencyInjection\Liquidity2.Extensions.DependencyInjection.csproj", "{6470CECC-FFFE-4CF8-8C41-163CFA4C5E43}"
EndProject
Project("{9A19103F-16F7-4668-BE54-9A1E7A4F7556}") = "Liquidity2.Extensions.Lifecycle.Application", "src\Liquidity2.Extensions.Lifecycle.Application\Liquidity2.Extensions.Lifecycle.Application.csproj", "{4F3B7BE6-B22C-4DDC-A8DC-F5BE8F43E823}"
EndProject
Project("{9A19103F-16F7-4668-BE54-9A1E7A4F7556}") = "Liquidity2.UI.Core", "src\Liquidity2.UI.Core\Liquidity2.UI.Core.csproj", "{2DA25919-864A-401B-B72A-B18EC7D6154E}"
EndProject
Project("{9A19103F-16F7-4668-BE54-9A1E7A4F7556}") = "Liquidity2.UI.Present", "src\Liquidity2.UI.Present\Liquidity2.UI.Present.csproj", "{1FA3867B-483F-4F27-9E7C-91FB775CAC3A}"
EndProject
Project("{9A19103F-16F7-4668-BE54-9A1E7A4F7556}") = "Liquidity2.UI.Components", "src\Liquidity2.UI.Components\Liquidity2.UI.Components.csproj", "{03EBC69B-8FB6-41EB-A347-D313F1A3DCE8}"
EndProject
Project("{9A19103F-16F7-4668-BE54-9A1E7A4F7556}") = "Liquidity2.Service", "src\Liquidity2.Service\Liquidity2.Service.csproj", "{5CF54D24-56FA-447B-9032-85FF52B2C7B7}"
EndProject
Project("{9A19103F-16F7-4668-BE54-9A1E7A4F7556}") = "Liquidity2.Data.Client.Api", "src\Liquidity2.Data.Client.Api\Liquidity2.Data.Client.Api.csproj", "{16E221A0-2D67-4A32-8782-E6D439A8199F}"
EndProject
Project("{9A19103F-16F7-4668-BE54-9A1E7A4F7556}") = "Liquidity2.Data.Client.LocalStorage", "src\Liquidity2.Data.Client.LocalStorage\Liquidity2.Data.Client.LocalStorage.csproj", "{2BA32654-4FDB-4351-A16C-D196044AA1E5}"
EndProject
Project("{9A19103F-16F7-4668-BE54-9A1E7A4F7556}") = "Liquidity2.Extensions.Authentication", "src\Liquidity2.Extensions.Authentication\Liquidity2.Extensions.Authentication.csproj", "{116384BA-877F-48AB-B96E-6AD62BE2A24D}"
EndProject
Project("{9A19103F-16F7-4668-BE54-9A1E7A4F7556}") = "Liquidity2.Extensions.Authentication.Client.Api", "src\Liquidity2.Extensions.Authentication.Client.Api\Liquidity2.Extensions.Authentication.Client.Api.csproj", "{0BD1D43E-F940-4A61-A7DF-3E79237194AA}"
EndProject
Project("{9A19103F-16F7-4668-BE54-9A1E7A4F7556}") = "Liquidity2.Extensions.Authentication.Grpc.Interceptors", "src\Liquidity2.Extensions.Authentication.Grpc.Interceptors\Liquidity2.Extensions.Authentication.Grpc.Interceptors.csproj", "{54F51D13-E040-4B45-8B14-8228D33EEBCF}"
EndProject
Project("{2150E333-8FDC-42A3-9474-1A3956D46DE8}") = "Data", "Data", "{8532D993-E3DA-4DBB-8ACA-D5F8477147D6}"
EndProject
Project("{2150E333-8FDC-42A3-9474-1A3956D46DE8}") = "Extensions", "Extensions", "{B99FF307-FDFA-4C96-BA16-A544ADB7D896}"
EndProject
Project("{2150E333-8FDC-42A3-9474-1A3956D46DE8}") = "Authentication", "Authentication", "{6AC5C1BF-376D-4AB0-84A6-4E092A2527A0}"
EndProject
Project("{2150E333-8FDC-42A3-9474-1A3956D46DE8}") = "DependencyInjection", "DependencyInjection", "{EC89E2C3-A732-450C-9511-B5E41AA7FBC6}"
EndProject
Project("{2150E333-8FDC-42A3-9474-1A3956D46DE8}") = "EventBus", "EventBus", "{B1729DC9-B0C6-4189-9701-0084EEF09825}"
EndProject
Project("{2150E333-8FDC-42A3-9474-1A3956D46DE8}") = "Lifecycle", "Lifecycle", "{FB173BB8-BA90-437C-A5F5-D3485D97E709}"
EndProject
Project("{2150E333-8FDC-42A3-9474-1A3956D46DE8}") = "Services", "Services", "{C4610651-1671-4C11-8928-FBB876EE98FF}"
EndProject
Project("{2150E333-8FDC-42A3-9474-1A3956D46DE8}") = "UI", "UI", "{5D3D39AD-43F8-4743-A71A-2DF53E0BDB6C}"
EndProject
Project("{2150E333-8FDC-42A3-9474-1A3956D46DE8}") = "Utilities", "Utilities", "{3F42B4FF-BB29-4728-B215-A6F7E9F4B24F}"
EndProject
Project("{9A19103F-16F7-4668-BE54-9A1E7A4F7556}") = "Liquidity2.Extensions.EventBus.EventObserver", "src\Liquidity2.Extensions.EventBus.EventObserver\Liquidity2.Extensions.EventBus.EventObserver.csproj", "{63EB6442-19D5-461B-A833-8236ED2DF29F}"
EndProject
Project("{9A19103F-16F7-4668-BE54-9A1E7A4F7556}") = "Liquidity2.Extensions.Identity", "src\Liquidity2.Extensions.Identity\Liquidity2.Extensions.Identity.csproj", "{DF4125AE-1D38-40EC-9BED-85644B5FA817}"
EndProject
Project("{2150E333-8FDC-42A3-9474-1A3956D46DE8}") = "Identity", "Identity", "{C24388FA-B293-4AC6-A77F-C29ADA7A03BF}"
EndProject
Project("{9A19103F-16F7-4668-BE54-9A1E7A4F7556}") = "Liquidity2.Extensions.Identity.Client.Api", "src\Liquidity2.Extensions.Identity.Client.Api\Liquidity2.Extensions.Identity.Client.Api.csproj", "{912CE82A-AB54-4204-A27B-D021B2D86023}"
EndProject
Project("{9A19103F-16F7-4668-BE54-9A1E7A4F7556}") = "Liquidity2.Data.Client.Abstractions", "src\Liquidity2.Data.Client.Abstractions\Liquidity2.Data.Client.Abstractions.csproj", "{AFE668CA-3A7E-4262-AE7F-3011BB476ABE}"
EndProject
Project("{9A19103F-16F7-4668-BE54-9A1E7A4F7556}") = "Liquidity2.Extensions.Data.Adapter.Abstractions", "src\Liquidity2.Extensions.Data.Adapter.Abstractions\Liquidity2.Extensions.Data.Adapter.Abstractions.csproj", "{41CDBC82-6EC1-4E19-9C0C-FC15F8B1F910}"
EndProject
Project("{2150E333-8FDC-42A3-9474-1A3956D46DE8}") = "Data", "Data", "{CF9BA604-DDA5-4DA1-AED7-666DABD45EC9}"
EndProject
Project("{9A19103F-16F7-4668-BE54-9A1E7A4F7556}") = "Liquidity2.Extensions.Data.LocalStorage", "src\Liquidity2.Extensions.Data.LocalStorage\Liquidity2.Extensions.Data.LocalStorage.csproj", "{4FC184D8-4801-4D8D-9EDC-B3B6832635BE}"
EndProject
Project("{9A19103F-16F7-4668-BE54-9A1E7A4F7556}") = "Liquidity2.Extensions.Data.Network", "src\Liquidity2.Extensions.Data.Network\Liquidity2.Extensions.Data.Network.csproj", "{108BC38F-A760-4095-9EF2-5E3E5D06B203}"
EndProject
Project("{2150E333-8FDC-42A3-9474-1A3956D46DE8}") = "BackgroundJob", "BackgroundJob", "{D159FF37-E0B5-4686-B0FE-250E12D5ECA4}"
EndProject
Project("{9A19103F-16F7-4668-BE54-9A1E7A4F7556}") = "Liquidity2.Extensions.BackgroundJob", "src\Liquidity2.Extensions.BackgroundJob\Liquidity2.Extensions.BackgroundJob.csproj", "{34FF2766-B2B3-4A26-9A46-3370F920F2C4}"
EndProject
Project("{2150E333-8FDC-42A3-9474-1A3956D46DE8}") = "Blocker", "Blocker", "{FE64E863-DFAB-4D01-8478-F8E23D164038}"
EndProject
Project("{9A19103F-16F7-4668-BE54-9A1E7A4F7556}") = "Liquidity2.Extensions.Blocker.Abstractions", "src\Liquidity2.Extensions.Blocker.Abstractions\Liquidity2.Extensions.Blocker.Abstractions.csproj", "{A3B07237-A778-4EA8-A1F5-57293793826A}"
EndProject
Project("{9A19103F-16F7-4668-BE54-9A1E7A4F7556}") = "Liquidity2.Extensions.Blocker.WPFBlocker", "src\Liquidity2.Extensions.Blocker.WPFBlocker\Liquidity2.Extensions.Blocker.WPFBlocker.csproj", "{A2DD1A61-94CB-492B-B132-D5EFD2D8B6B7}"
EndProject
Project("{2150E333-8FDC-42A3-9474-1A3956D46DE8}") = "Windows", "Windows", "{A88CD10F-0B12-4051-8BFB-6AD782A2BD55}"
EndProject
Project("{9A19103F-16F7-4668-BE54-9A1E7A4F7556}") = "Liquidity2.Extensions.WindowPostions", "src\Liquidity2.Extensions.WindowPostions\Liquidity2.Extensions.WindowPostions.csproj", "{ED903E14-2D7F-4035-A257-F263C8B7B9BD}"
EndProject
Project("{9A19103F-16F7-4668-BE54-9A1E7A4F7556}") = "Liquidity2.Extensions.WindowPostions.Data.LocalStorage", "src\Liquidity2.Extensions.WindowPostions.Data.LocalStorage\Liquidity2.Extensions.WindowPostions.Data.LocalStorage.csproj", "{BC3E4FD9-702B-4A1A-AFF3-6207B098959D}"
EndProject
Project("{9A19103F-16F7-4668-BE54-9A1E7A4F7556}") = "Liquidity2.Extensions.Data.CRUD.Abstractions", "src\Liquidity2.Extensions.Data.CRUD.Abstractions\Liquidity2.Extensions.Data.CRUD.Abstractions.csproj", "{BB559AA5-C9A2-43F4-B84C-639C703168EC}"
EndProject
Project("{9A19103F-16F7-4668-BE54-9A1E7A4F7556}") = "Liquidity2.Extensions.Data.Dapper.Extend", "src\Liquidity2.Extensions.Data.Dapper.Extend\Liquidity2.Extensions.Data.Dapper.Extend.csproj", "{E527AEC2-CEF2-40B9-9831-CDB264901424}"
EndProject
Project("{9A19103F-16F7-4668-BE54-9A1E7A4F7556}") = "Liquidity2.Data.LocalStorageFile", "src\Liquidity2.Data.LocalStorageFile\Liquidity2.Data.LocalStorageFile.csproj", "{CC956827-BEC9-4902-9EF7-9218148CF4C3}"
EndProject
Project("{FAE04EC0-301F-11D3-BF4B-00C04F79EFBC}") = "Liquidity2.Extensions.Blocker.SampleTaskBlocker", "src\Liquidity2.Extensions.Blocker.SampleTaskBlocker\Liquidity2.Extensions.Blocker.SampleTaskBlocker.csproj", "{DD023BE8-4493-4FC9-9A3E-1156C495EBF2}"
EndProject
Global
	GlobalSection(SolutionConfigurationPlatforms) = preSolution
		Debug|Any CPU = Debug|Any CPU
		Release|Any CPU = Release|Any CPU
	EndGlobalSection
	GlobalSection(ProjectConfigurationPlatforms) = postSolution
		{A989B499-F10E-4AAB-A703-AA4E2860C4A7}.Debug|Any CPU.ActiveCfg = Debug|Any CPU
		{A989B499-F10E-4AAB-A703-AA4E2860C4A7}.Debug|Any CPU.Build.0 = Debug|Any CPU
		{A989B499-F10E-4AAB-A703-AA4E2860C4A7}.Release|Any CPU.ActiveCfg = Release|Any CPU
		{A989B499-F10E-4AAB-A703-AA4E2860C4A7}.Release|Any CPU.Build.0 = Release|Any CPU
		{752218DD-181D-44F5-86DE-6F614650CB96}.Debug|Any CPU.ActiveCfg = Debug|Any CPU
		{752218DD-181D-44F5-86DE-6F614650CB96}.Debug|Any CPU.Build.0 = Debug|Any CPU
		{752218DD-181D-44F5-86DE-6F614650CB96}.Release|Any CPU.ActiveCfg = Release|Any CPU
		{752218DD-181D-44F5-86DE-6F614650CB96}.Release|Any CPU.Build.0 = Release|Any CPU
		{FF81CD35-F530-47C5-8F2D-5BD6BC39DF23}.Debug|Any CPU.ActiveCfg = Debug|Any CPU
		{FF81CD35-F530-47C5-8F2D-5BD6BC39DF23}.Debug|Any CPU.Build.0 = Debug|Any CPU
		{FF81CD35-F530-47C5-8F2D-5BD6BC39DF23}.Release|Any CPU.ActiveCfg = Release|Any CPU
		{FF81CD35-F530-47C5-8F2D-5BD6BC39DF23}.Release|Any CPU.Build.0 = Release|Any CPU
		{DCDDB3FC-B1D7-484D-B8B4-81127E0814E3}.Debug|Any CPU.ActiveCfg = Debug|Any CPU
		{DCDDB3FC-B1D7-484D-B8B4-81127E0814E3}.Debug|Any CPU.Build.0 = Debug|Any CPU
		{DCDDB3FC-B1D7-484D-B8B4-81127E0814E3}.Release|Any CPU.ActiveCfg = Release|Any CPU
		{DCDDB3FC-B1D7-484D-B8B4-81127E0814E3}.Release|Any CPU.Build.0 = Release|Any CPU
		{E169868A-4E94-404D-BE19-46E79DCEB840}.Debug|Any CPU.ActiveCfg = Debug|Any CPU
		{E169868A-4E94-404D-BE19-46E79DCEB840}.Debug|Any CPU.Build.0 = Debug|Any CPU
		{E169868A-4E94-404D-BE19-46E79DCEB840}.Release|Any CPU.ActiveCfg = Release|Any CPU
		{E169868A-4E94-404D-BE19-46E79DCEB840}.Release|Any CPU.Build.0 = Release|Any CPU
		{15E0DA0E-7D87-43F7-8FD8-CFFECB510297}.Debug|Any CPU.ActiveCfg = Debug|Any CPU
		{15E0DA0E-7D87-43F7-8FD8-CFFECB510297}.Debug|Any CPU.Build.0 = Debug|Any CPU
		{15E0DA0E-7D87-43F7-8FD8-CFFECB510297}.Release|Any CPU.ActiveCfg = Release|Any CPU
		{15E0DA0E-7D87-43F7-8FD8-CFFECB510297}.Release|Any CPU.Build.0 = Release|Any CPU
		{6470CECC-FFFE-4CF8-8C41-163CFA4C5E43}.Debug|Any CPU.ActiveCfg = Debug|Any CPU
		{6470CECC-FFFE-4CF8-8C41-163CFA4C5E43}.Debug|Any CPU.Build.0 = Debug|Any CPU
		{6470CECC-FFFE-4CF8-8C41-163CFA4C5E43}.Release|Any CPU.ActiveCfg = Release|Any CPU
		{6470CECC-FFFE-4CF8-8C41-163CFA4C5E43}.Release|Any CPU.Build.0 = Release|Any CPU
		{4F3B7BE6-B22C-4DDC-A8DC-F5BE8F43E823}.Debug|Any CPU.ActiveCfg = Debug|Any CPU
		{4F3B7BE6-B22C-4DDC-A8DC-F5BE8F43E823}.Debug|Any CPU.Build.0 = Debug|Any CPU
		{4F3B7BE6-B22C-4DDC-A8DC-F5BE8F43E823}.Release|Any CPU.ActiveCfg = Release|Any CPU
		{4F3B7BE6-B22C-4DDC-A8DC-F5BE8F43E823}.Release|Any CPU.Build.0 = Release|Any CPU
		{2DA25919-864A-401B-B72A-B18EC7D6154E}.Debug|Any CPU.ActiveCfg = Debug|Any CPU
		{2DA25919-864A-401B-B72A-B18EC7D6154E}.Debug|Any CPU.Build.0 = Debug|Any CPU
		{2DA25919-864A-401B-B72A-B18EC7D6154E}.Release|Any CPU.ActiveCfg = Release|Any CPU
		{2DA25919-864A-401B-B72A-B18EC7D6154E}.Release|Any CPU.Build.0 = Release|Any CPU
		{1FA3867B-483F-4F27-9E7C-91FB775CAC3A}.Debug|Any CPU.ActiveCfg = Debug|Any CPU
		{1FA3867B-483F-4F27-9E7C-91FB775CAC3A}.Debug|Any CPU.Build.0 = Debug|Any CPU
		{1FA3867B-483F-4F27-9E7C-91FB775CAC3A}.Release|Any CPU.ActiveCfg = Release|Any CPU
		{1FA3867B-483F-4F27-9E7C-91FB775CAC3A}.Release|Any CPU.Build.0 = Release|Any CPU
		{03EBC69B-8FB6-41EB-A347-D313F1A3DCE8}.Debug|Any CPU.ActiveCfg = Debug|Any CPU
		{03EBC69B-8FB6-41EB-A347-D313F1A3DCE8}.Debug|Any CPU.Build.0 = Debug|Any CPU
		{03EBC69B-8FB6-41EB-A347-D313F1A3DCE8}.Release|Any CPU.ActiveCfg = Release|Any CPU
		{03EBC69B-8FB6-41EB-A347-D313F1A3DCE8}.Release|Any CPU.Build.0 = Release|Any CPU
		{5CF54D24-56FA-447B-9032-85FF52B2C7B7}.Debug|Any CPU.ActiveCfg = Debug|Any CPU
		{5CF54D24-56FA-447B-9032-85FF52B2C7B7}.Debug|Any CPU.Build.0 = Debug|Any CPU
		{5CF54D24-56FA-447B-9032-85FF52B2C7B7}.Release|Any CPU.ActiveCfg = Release|Any CPU
		{5CF54D24-56FA-447B-9032-85FF52B2C7B7}.Release|Any CPU.Build.0 = Release|Any CPU
		{16E221A0-2D67-4A32-8782-E6D439A8199F}.Debug|Any CPU.ActiveCfg = Debug|Any CPU
		{16E221A0-2D67-4A32-8782-E6D439A8199F}.Debug|Any CPU.Build.0 = Debug|Any CPU
		{16E221A0-2D67-4A32-8782-E6D439A8199F}.Release|Any CPU.ActiveCfg = Release|Any CPU
		{16E221A0-2D67-4A32-8782-E6D439A8199F}.Release|Any CPU.Build.0 = Release|Any CPU
		{2BA32654-4FDB-4351-A16C-D196044AA1E5}.Debug|Any CPU.ActiveCfg = Debug|Any CPU
		{2BA32654-4FDB-4351-A16C-D196044AA1E5}.Debug|Any CPU.Build.0 = Debug|Any CPU
		{2BA32654-4FDB-4351-A16C-D196044AA1E5}.Release|Any CPU.ActiveCfg = Release|Any CPU
		{2BA32654-4FDB-4351-A16C-D196044AA1E5}.Release|Any CPU.Build.0 = Release|Any CPU
		{116384BA-877F-48AB-B96E-6AD62BE2A24D}.Debug|Any CPU.ActiveCfg = Debug|Any CPU
		{116384BA-877F-48AB-B96E-6AD62BE2A24D}.Debug|Any CPU.Build.0 = Debug|Any CPU
		{116384BA-877F-48AB-B96E-6AD62BE2A24D}.Release|Any CPU.ActiveCfg = Release|Any CPU
		{116384BA-877F-48AB-B96E-6AD62BE2A24D}.Release|Any CPU.Build.0 = Release|Any CPU
		{0BD1D43E-F940-4A61-A7DF-3E79237194AA}.Debug|Any CPU.ActiveCfg = Debug|Any CPU
		{0BD1D43E-F940-4A61-A7DF-3E79237194AA}.Debug|Any CPU.Build.0 = Debug|Any CPU
		{0BD1D43E-F940-4A61-A7DF-3E79237194AA}.Release|Any CPU.ActiveCfg = Release|Any CPU
		{0BD1D43E-F940-4A61-A7DF-3E79237194AA}.Release|Any CPU.Build.0 = Release|Any CPU
		{54F51D13-E040-4B45-8B14-8228D33EEBCF}.Debug|Any CPU.ActiveCfg = Debug|Any CPU
		{54F51D13-E040-4B45-8B14-8228D33EEBCF}.Debug|Any CPU.Build.0 = Debug|Any CPU
		{54F51D13-E040-4B45-8B14-8228D33EEBCF}.Release|Any CPU.ActiveCfg = Release|Any CPU
		{54F51D13-E040-4B45-8B14-8228D33EEBCF}.Release|Any CPU.Build.0 = Release|Any CPU
		{63EB6442-19D5-461B-A833-8236ED2DF29F}.Debug|Any CPU.ActiveCfg = Debug|Any CPU
		{63EB6442-19D5-461B-A833-8236ED2DF29F}.Debug|Any CPU.Build.0 = Debug|Any CPU
		{63EB6442-19D5-461B-A833-8236ED2DF29F}.Release|Any CPU.ActiveCfg = Release|Any CPU
		{63EB6442-19D5-461B-A833-8236ED2DF29F}.Release|Any CPU.Build.0 = Release|Any CPU
		{DF4125AE-1D38-40EC-9BED-85644B5FA817}.Debug|Any CPU.ActiveCfg = Debug|Any CPU
		{DF4125AE-1D38-40EC-9BED-85644B5FA817}.Debug|Any CPU.Build.0 = Debug|Any CPU
		{DF4125AE-1D38-40EC-9BED-85644B5FA817}.Release|Any CPU.ActiveCfg = Release|Any CPU
		{DF4125AE-1D38-40EC-9BED-85644B5FA817}.Release|Any CPU.Build.0 = Release|Any CPU
		{912CE82A-AB54-4204-A27B-D021B2D86023}.Debug|Any CPU.ActiveCfg = Debug|Any CPU
		{912CE82A-AB54-4204-A27B-D021B2D86023}.Debug|Any CPU.Build.0 = Debug|Any CPU
		{912CE82A-AB54-4204-A27B-D021B2D86023}.Release|Any CPU.ActiveCfg = Release|Any CPU
		{912CE82A-AB54-4204-A27B-D021B2D86023}.Release|Any CPU.Build.0 = Release|Any CPU
		{AFE668CA-3A7E-4262-AE7F-3011BB476ABE}.Debug|Any CPU.ActiveCfg = Debug|Any CPU
		{AFE668CA-3A7E-4262-AE7F-3011BB476ABE}.Debug|Any CPU.Build.0 = Debug|Any CPU
		{AFE668CA-3A7E-4262-AE7F-3011BB476ABE}.Release|Any CPU.ActiveCfg = Release|Any CPU
		{AFE668CA-3A7E-4262-AE7F-3011BB476ABE}.Release|Any CPU.Build.0 = Release|Any CPU
		{41CDBC82-6EC1-4E19-9C0C-FC15F8B1F910}.Debug|Any CPU.ActiveCfg = Debug|Any CPU
		{41CDBC82-6EC1-4E19-9C0C-FC15F8B1F910}.Debug|Any CPU.Build.0 = Debug|Any CPU
		{41CDBC82-6EC1-4E19-9C0C-FC15F8B1F910}.Release|Any CPU.ActiveCfg = Release|Any CPU
		{41CDBC82-6EC1-4E19-9C0C-FC15F8B1F910}.Release|Any CPU.Build.0 = Release|Any CPU
		{4FC184D8-4801-4D8D-9EDC-B3B6832635BE}.Debug|Any CPU.ActiveCfg = Debug|Any CPU
		{4FC184D8-4801-4D8D-9EDC-B3B6832635BE}.Debug|Any CPU.Build.0 = Debug|Any CPU
		{4FC184D8-4801-4D8D-9EDC-B3B6832635BE}.Release|Any CPU.ActiveCfg = Release|Any CPU
		{4FC184D8-4801-4D8D-9EDC-B3B6832635BE}.Release|Any CPU.Build.0 = Release|Any CPU
		{108BC38F-A760-4095-9EF2-5E3E5D06B203}.Debug|Any CPU.ActiveCfg = Debug|Any CPU
		{108BC38F-A760-4095-9EF2-5E3E5D06B203}.Debug|Any CPU.Build.0 = Debug|Any CPU
		{108BC38F-A760-4095-9EF2-5E3E5D06B203}.Release|Any CPU.ActiveCfg = Release|Any CPU
		{108BC38F-A760-4095-9EF2-5E3E5D06B203}.Release|Any CPU.Build.0 = Release|Any CPU
		{34FF2766-B2B3-4A26-9A46-3370F920F2C4}.Debug|Any CPU.ActiveCfg = Debug|Any CPU
		{34FF2766-B2B3-4A26-9A46-3370F920F2C4}.Debug|Any CPU.Build.0 = Debug|Any CPU
		{34FF2766-B2B3-4A26-9A46-3370F920F2C4}.Release|Any CPU.ActiveCfg = Release|Any CPU
		{34FF2766-B2B3-4A26-9A46-3370F920F2C4}.Release|Any CPU.Build.0 = Release|Any CPU
		{A3B07237-A778-4EA8-A1F5-57293793826A}.Debug|Any CPU.ActiveCfg = Debug|Any CPU
		{A3B07237-A778-4EA8-A1F5-57293793826A}.Debug|Any CPU.Build.0 = Debug|Any CPU
		{A3B07237-A778-4EA8-A1F5-57293793826A}.Release|Any CPU.ActiveCfg = Release|Any CPU
		{A3B07237-A778-4EA8-A1F5-57293793826A}.Release|Any CPU.Build.0 = Release|Any CPU
		{A2DD1A61-94CB-492B-B132-D5EFD2D8B6B7}.Debug|Any CPU.ActiveCfg = Debug|Any CPU
		{A2DD1A61-94CB-492B-B132-D5EFD2D8B6B7}.Debug|Any CPU.Build.0 = Debug|Any CPU
		{A2DD1A61-94CB-492B-B132-D5EFD2D8B6B7}.Release|Any CPU.ActiveCfg = Release|Any CPU
		{A2DD1A61-94CB-492B-B132-D5EFD2D8B6B7}.Release|Any CPU.Build.0 = Release|Any CPU
		{ED903E14-2D7F-4035-A257-F263C8B7B9BD}.Debug|Any CPU.ActiveCfg = Debug|Any CPU
		{ED903E14-2D7F-4035-A257-F263C8B7B9BD}.Debug|Any CPU.Build.0 = Debug|Any CPU
		{ED903E14-2D7F-4035-A257-F263C8B7B9BD}.Release|Any CPU.ActiveCfg = Release|Any CPU
		{ED903E14-2D7F-4035-A257-F263C8B7B9BD}.Release|Any CPU.Build.0 = Release|Any CPU
		{BC3E4FD9-702B-4A1A-AFF3-6207B098959D}.Debug|Any CPU.ActiveCfg = Debug|Any CPU
		{BC3E4FD9-702B-4A1A-AFF3-6207B098959D}.Debug|Any CPU.Build.0 = Debug|Any CPU
		{BC3E4FD9-702B-4A1A-AFF3-6207B098959D}.Release|Any CPU.ActiveCfg = Release|Any CPU
		{BC3E4FD9-702B-4A1A-AFF3-6207B098959D}.Release|Any CPU.Build.0 = Release|Any CPU
		{BB559AA5-C9A2-43F4-B84C-639C703168EC}.Debug|Any CPU.ActiveCfg = Debug|Any CPU
		{BB559AA5-C9A2-43F4-B84C-639C703168EC}.Debug|Any CPU.Build.0 = Debug|Any CPU
		{BB559AA5-C9A2-43F4-B84C-639C703168EC}.Release|Any CPU.ActiveCfg = Release|Any CPU
		{BB559AA5-C9A2-43F4-B84C-639C703168EC}.Release|Any CPU.Build.0 = Release|Any CPU
		{E527AEC2-CEF2-40B9-9831-CDB264901424}.Debug|Any CPU.ActiveCfg = Debug|Any CPU
		{E527AEC2-CEF2-40B9-9831-CDB264901424}.Debug|Any CPU.Build.0 = Debug|Any CPU
		{E527AEC2-CEF2-40B9-9831-CDB264901424}.Release|Any CPU.ActiveCfg = Release|Any CPU
		{E527AEC2-CEF2-40B9-9831-CDB264901424}.Release|Any CPU.Build.0 = Release|Any CPU
		{CC956827-BEC9-4902-9EF7-9218148CF4C3}.Debug|Any CPU.ActiveCfg = Debug|Any CPU
		{CC956827-BEC9-4902-9EF7-9218148CF4C3}.Debug|Any CPU.Build.0 = Debug|Any CPU
		{CC956827-BEC9-4902-9EF7-9218148CF4C3}.Release|Any CPU.ActiveCfg = Release|Any CPU
		{CC956827-BEC9-4902-9EF7-9218148CF4C3}.Release|Any CPU.Build.0 = Release|Any CPU
		{DD023BE8-4493-4FC9-9A3E-1156C495EBF2}.Debug|Any CPU.ActiveCfg = Debug|Any CPU
		{DD023BE8-4493-4FC9-9A3E-1156C495EBF2}.Debug|Any CPU.Build.0 = Debug|Any CPU
		{DD023BE8-4493-4FC9-9A3E-1156C495EBF2}.Release|Any CPU.ActiveCfg = Release|Any CPU
		{DD023BE8-4493-4FC9-9A3E-1156C495EBF2}.Release|Any CPU.Build.0 = Release|Any CPU
	EndGlobalSection
	GlobalSection(SolutionProperties) = preSolution
		HideSolutionNode = FALSE
	EndGlobalSection
	GlobalSection(NestedProjects) = preSolution
		{A989B499-F10E-4AAB-A703-AA4E2860C4A7} = {B1729DC9-B0C6-4189-9701-0084EEF09825}
		{752218DD-181D-44F5-86DE-6F614650CB96} = {B1729DC9-B0C6-4189-9701-0084EEF09825}
		{FF81CD35-F530-47C5-8F2D-5BD6BC39DF23} = {FB173BB8-BA90-437C-A5F5-D3485D97E709}
		{DCDDB3FC-B1D7-484D-B8B4-81127E0814E3} = {FB173BB8-BA90-437C-A5F5-D3485D97E709}
		{E169868A-4E94-404D-BE19-46E79DCEB840} = {3F42B4FF-BB29-4728-B215-A6F7E9F4B24F}
		{15E0DA0E-7D87-43F7-8FD8-CFFECB510297} = {CFDD803D-0392-4AB7-A02C-44D745848976}
		{6470CECC-FFFE-4CF8-8C41-163CFA4C5E43} = {EC89E2C3-A732-450C-9511-B5E41AA7FBC6}
		{4F3B7BE6-B22C-4DDC-A8DC-F5BE8F43E823} = {FB173BB8-BA90-437C-A5F5-D3485D97E709}
		{2DA25919-864A-401B-B72A-B18EC7D6154E} = {5D3D39AD-43F8-4743-A71A-2DF53E0BDB6C}
		{1FA3867B-483F-4F27-9E7C-91FB775CAC3A} = {5D3D39AD-43F8-4743-A71A-2DF53E0BDB6C}
		{03EBC69B-8FB6-41EB-A347-D313F1A3DCE8} = {5D3D39AD-43F8-4743-A71A-2DF53E0BDB6C}
		{5CF54D24-56FA-447B-9032-85FF52B2C7B7} = {C4610651-1671-4C11-8928-FBB876EE98FF}
		{16E221A0-2D67-4A32-8782-E6D439A8199F} = {8532D993-E3DA-4DBB-8ACA-D5F8477147D6}
		{2BA32654-4FDB-4351-A16C-D196044AA1E5} = {8532D993-E3DA-4DBB-8ACA-D5F8477147D6}
		{116384BA-877F-48AB-B96E-6AD62BE2A24D} = {6AC5C1BF-376D-4AB0-84A6-4E092A2527A0}
		{0BD1D43E-F940-4A61-A7DF-3E79237194AA} = {6AC5C1BF-376D-4AB0-84A6-4E092A2527A0}
		{54F51D13-E040-4B45-8B14-8228D33EEBCF} = {6AC5C1BF-376D-4AB0-84A6-4E092A2527A0}
		{8532D993-E3DA-4DBB-8ACA-D5F8477147D6} = {BDC7E075-0874-4CA0-94DB-C62BA432B938}
		{B99FF307-FDFA-4C96-BA16-A544ADB7D896} = {BDC7E075-0874-4CA0-94DB-C62BA432B938}
		{6AC5C1BF-376D-4AB0-84A6-4E092A2527A0} = {B99FF307-FDFA-4C96-BA16-A544ADB7D896}
		{EC89E2C3-A732-450C-9511-B5E41AA7FBC6} = {B99FF307-FDFA-4C96-BA16-A544ADB7D896}
		{B1729DC9-B0C6-4189-9701-0084EEF09825} = {B99FF307-FDFA-4C96-BA16-A544ADB7D896}
		{FB173BB8-BA90-437C-A5F5-D3485D97E709} = {B99FF307-FDFA-4C96-BA16-A544ADB7D896}
		{C4610651-1671-4C11-8928-FBB876EE98FF} = {BDC7E075-0874-4CA0-94DB-C62BA432B938}
		{5D3D39AD-43F8-4743-A71A-2DF53E0BDB6C} = {BDC7E075-0874-4CA0-94DB-C62BA432B938}
		{3F42B4FF-BB29-4728-B215-A6F7E9F4B24F} = {BDC7E075-0874-4CA0-94DB-C62BA432B938}
		{63EB6442-19D5-461B-A833-8236ED2DF29F} = {B1729DC9-B0C6-4189-9701-0084EEF09825}
		{DF4125AE-1D38-40EC-9BED-85644B5FA817} = {C24388FA-B293-4AC6-A77F-C29ADA7A03BF}
		{C24388FA-B293-4AC6-A77F-C29ADA7A03BF} = {B99FF307-FDFA-4C96-BA16-A544ADB7D896}
		{912CE82A-AB54-4204-A27B-D021B2D86023} = {C24388FA-B293-4AC6-A77F-C29ADA7A03BF}
		{AFE668CA-3A7E-4262-AE7F-3011BB476ABE} = {8532D993-E3DA-4DBB-8ACA-D5F8477147D6}
		{41CDBC82-6EC1-4E19-9C0C-FC15F8B1F910} = {CF9BA604-DDA5-4DA1-AED7-666DABD45EC9}
		{CF9BA604-DDA5-4DA1-AED7-666DABD45EC9} = {B99FF307-FDFA-4C96-BA16-A544ADB7D896}
		{4FC184D8-4801-4D8D-9EDC-B3B6832635BE} = {CF9BA604-DDA5-4DA1-AED7-666DABD45EC9}
		{108BC38F-A760-4095-9EF2-5E3E5D06B203} = {CF9BA604-DDA5-4DA1-AED7-666DABD45EC9}
		{D159FF37-E0B5-4686-B0FE-250E12D5ECA4} = {B99FF307-FDFA-4C96-BA16-A544ADB7D896}
		{34FF2766-B2B3-4A26-9A46-3370F920F2C4} = {D159FF37-E0B5-4686-B0FE-250E12D5ECA4}
		{FE64E863-DFAB-4D01-8478-F8E23D164038} = {B99FF307-FDFA-4C96-BA16-A544ADB7D896}
		{A3B07237-A778-4EA8-A1F5-57293793826A} = {FE64E863-DFAB-4D01-8478-F8E23D164038}
		{A2DD1A61-94CB-492B-B132-D5EFD2D8B6B7} = {FE64E863-DFAB-4D01-8478-F8E23D164038}
		{A88CD10F-0B12-4051-8BFB-6AD782A2BD55} = {B99FF307-FDFA-4C96-BA16-A544ADB7D896}
		{ED903E14-2D7F-4035-A257-F263C8B7B9BD} = {A88CD10F-0B12-4051-8BFB-6AD782A2BD55}
		{BC3E4FD9-702B-4A1A-AFF3-6207B098959D} = {A88CD10F-0B12-4051-8BFB-6AD782A2BD55}
		{BB559AA5-C9A2-43F4-B84C-639C703168EC} = {CF9BA604-DDA5-4DA1-AED7-666DABD45EC9}
		{E527AEC2-CEF2-40B9-9831-CDB264901424} = {CF9BA604-DDA5-4DA1-AED7-666DABD45EC9}
		{CC956827-BEC9-4902-9EF7-9218148CF4C3} = {8532D993-E3DA-4DBB-8ACA-D5F8477147D6}
		{DD023BE8-4493-4FC9-9A3E-1156C495EBF2} = {FE64E863-DFAB-4D01-8478-F8E23D164038}
	EndGlobalSection
	GlobalSection(ExtensibilityGlobals) = postSolution
		SolutionGuid = {7B4E2B9A-0830-4FE0-A0BC-C30BD096BCA0}
	EndGlobalSection
EndGlobal
